
Microsoft Visual Studio Solution File, Format Version 12.00
# Visual Studio 15
VisualStudioVersion = 15.0.27130.2010
MinimumVisualStudioVersion = 10.0.40219.1
Project("{FAE04EC0-301F-11D3-BF4B-00C04F79EFBC}") = "CashManager-GUI", "CashManager\CashManager-GUI.csproj", "{885B525E-CAC1-4A3F-AA86-C720E4CA64A5}"
EndProject
Project("{FAE04EC0-301F-11D3-BF4B-00C04F79EFBC}") = "CashManager.Logic", "Logic\CashManager.Logic.csproj", "{BF1C3982-4770-45E1-9FAB-189656443F61}"
EndProject
Project("{FAE04EC0-301F-11D3-BF4B-00C04F79EFBC}") = "CashManagerTests", "CashManagerTests\CashManagerTests.csproj", "{067456C0-086C-46A8-B37F-1405717B7BFC}"
EndProject
Project("{FAE04EC0-301F-11D3-BF4B-00C04F79EFBC}") = "CashManager-MVVM", "CashManager-MVVM\CashManager-MVVM.csproj", "{49BCCABB-E76D-4C04-82A4-20FB886AC076}"
EndProject
Project("{FAE04EC0-301F-11D3-BF4B-00C04F79EFBC}") = "CashManager.Infrastructure", "CashManager.Infrastructure\CashManager.Infrastructure.csproj", "{C0CD5651-D1B7-47F3-B034-A5CB00079B38}"
EndProject
Project("{FAE04EC0-301F-11D3-BF4B-00C04F79EFBC}") = "CashManager.DatabaseConnection", "CashManager.DatabaseConnection\CashManager.DatabaseConnection.csproj", "{87960EEB-6F05-4EAC-A784-94E3E4975EE3}"
EndProject
Project("{FAE04EC0-301F-11D3-BF4B-00C04F79EFBC}") = "CashManager.Data", "CashManager.Data\CashManager.Data.csproj", "{D83C69C0-18F7-4B7F-AF7E-143091A26A30}"
EndProject
Global
	GlobalSection(SolutionConfigurationPlatforms) = preSolution
		Debug|Any CPU = Debug|Any CPU
		Debug|x64 = Debug|x64
		Debug|x86 = Debug|x86
		Release|Any CPU = Release|Any CPU
		Release|x64 = Release|x64
		Release|x86 = Release|x86
	EndGlobalSection
	GlobalSection(ProjectConfigurationPlatforms) = postSolution
		{885B525E-CAC1-4A3F-AA86-C720E4CA64A5}.Debug|Any CPU.ActiveCfg = Debug|Any CPU
		{885B525E-CAC1-4A3F-AA86-C720E4CA64A5}.Debug|Any CPU.Build.0 = Debug|Any CPU
		{885B525E-CAC1-4A3F-AA86-C720E4CA64A5}.Debug|x64.ActiveCfg = Debug|x64
		{885B525E-CAC1-4A3F-AA86-C720E4CA64A5}.Debug|x64.Build.0 = Debug|x64
		{885B525E-CAC1-4A3F-AA86-C720E4CA64A5}.Debug|x86.ActiveCfg = Debug|x86
		{885B525E-CAC1-4A3F-AA86-C720E4CA64A5}.Debug|x86.Build.0 = Debug|x86
		{885B525E-CAC1-4A3F-AA86-C720E4CA64A5}.Release|Any CPU.ActiveCfg = Release|Any CPU
		{885B525E-CAC1-4A3F-AA86-C720E4CA64A5}.Release|Any CPU.Build.0 = Release|Any CPU
		{885B525E-CAC1-4A3F-AA86-C720E4CA64A5}.Release|x64.ActiveCfg = Release|x64
		{885B525E-CAC1-4A3F-AA86-C720E4CA64A5}.Release|x64.Build.0 = Release|x64
		{885B525E-CAC1-4A3F-AA86-C720E4CA64A5}.Release|x86.ActiveCfg = Release|Any CPU
		{885B525E-CAC1-4A3F-AA86-C720E4CA64A5}.Release|x86.Build.0 = Release|Any CPU
		{BF1C3982-4770-45E1-9FAB-189656443F61}.Debug|Any CPU.ActiveCfg = Debug|Any CPU
		{BF1C3982-4770-45E1-9FAB-189656443F61}.Debug|Any CPU.Build.0 = Debug|Any CPU
		{BF1C3982-4770-45E1-9FAB-189656443F61}.Debug|x64.ActiveCfg = Debug|x64
		{BF1C3982-4770-45E1-9FAB-189656443F61}.Debug|x64.Build.0 = Debug|x64
		{BF1C3982-4770-45E1-9FAB-189656443F61}.Debug|x86.ActiveCfg = Debug|x86
		{BF1C3982-4770-45E1-9FAB-189656443F61}.Debug|x86.Build.0 = Debug|x86
		{BF1C3982-4770-45E1-9FAB-189656443F61}.Release|Any CPU.ActiveCfg = Release|Any CPU
		{BF1C3982-4770-45E1-9FAB-189656443F61}.Release|Any CPU.Build.0 = Release|Any CPU
		{BF1C3982-4770-45E1-9FAB-189656443F61}.Release|x64.ActiveCfg = Release|x64
		{BF1C3982-4770-45E1-9FAB-189656443F61}.Release|x64.Build.0 = Release|x64
		{BF1C3982-4770-45E1-9FAB-189656443F61}.Release|x86.ActiveCfg = Release|Any CPU
		{BF1C3982-4770-45E1-9FAB-189656443F61}.Release|x86.Build.0 = Release|Any CPU
		{067456C0-086C-46A8-B37F-1405717B7BFC}.Debug|Any CPU.ActiveCfg = Debug|Any CPU
		{067456C0-086C-46A8-B37F-1405717B7BFC}.Debug|Any CPU.Build.0 = Debug|Any CPU
		{067456C0-086C-46A8-B37F-1405717B7BFC}.Debug|x64.ActiveCfg = Debug|x64
		{067456C0-086C-46A8-B37F-1405717B7BFC}.Debug|x64.Build.0 = Debug|x64
		{067456C0-086C-46A8-B37F-1405717B7BFC}.Debug|x86.ActiveCfg = Debug|x86
		{067456C0-086C-46A8-B37F-1405717B7BFC}.Debug|x86.Build.0 = Debug|x86
		{067456C0-086C-46A8-B37F-1405717B7BFC}.Release|Any CPU.ActiveCfg = Release|Any CPU
		{067456C0-086C-46A8-B37F-1405717B7BFC}.Release|Any CPU.Build.0 = Release|Any CPU
		{067456C0-086C-46A8-B37F-1405717B7BFC}.Release|x64.ActiveCfg = Release|x64
		{067456C0-086C-46A8-B37F-1405717B7BFC}.Release|x64.Build.0 = Release|x64
		{067456C0-086C-46A8-B37F-1405717B7BFC}.Release|x86.ActiveCfg = Release|Any CPU
		{067456C0-086C-46A8-B37F-1405717B7BFC}.Release|x86.Build.0 = Release|Any CPU
		{49BCCABB-E76D-4C04-82A4-20FB886AC076}.Debug|Any CPU.ActiveCfg = Debug|Any CPU
		{49BCCABB-E76D-4C04-82A4-20FB886AC076}.Debug|Any CPU.Build.0 = Debug|Any CPU
		{49BCCABB-E76D-4C04-82A4-20FB886AC076}.Debug|x64.ActiveCfg = Debug|x64
		{49BCCABB-E76D-4C04-82A4-20FB886AC076}.Debug|x64.Build.0 = Debug|x64
		{49BCCABB-E76D-4C04-82A4-20FB886AC076}.Debug|x86.ActiveCfg = Debug|x86
		{49BCCABB-E76D-4C04-82A4-20FB886AC076}.Debug|x86.Build.0 = Debug|x86
		{49BCCABB-E76D-4C04-82A4-20FB886AC076}.Release|Any CPU.ActiveCfg = Release|Any CPU
		{49BCCABB-E76D-4C04-82A4-20FB886AC076}.Release|Any CPU.Build.0 = Release|Any CPU
		{49BCCABB-E76D-4C04-82A4-20FB886AC076}.Release|x64.ActiveCfg = Release|Any CPU
		{49BCCABB-E76D-4C04-82A4-20FB886AC076}.Release|x64.Build.0 = Release|Any CPU
		{49BCCABB-E76D-4C04-82A4-20FB886AC076}.Release|x86.ActiveCfg = Release|Any CPU
		{49BCCABB-E76D-4C04-82A4-20FB886AC076}.Release|x86.Build.0 = Release|Any CPU
		{C0CD5651-D1B7-47F3-B034-A5CB00079B38}.Debug|Any CPU.ActiveCfg = Debug|Any CPU
		{C0CD5651-D1B7-47F3-B034-A5CB00079B38}.Debug|Any CPU.Build.0 = Debug|Any CPU
		{C0CD5651-D1B7-47F3-B034-A5CB00079B38}.Debug|x64.ActiveCfg = Debug|x64
		{C0CD5651-D1B7-47F3-B034-A5CB00079B38}.Debug|x64.Build.0 = Debug|x64
		{C0CD5651-D1B7-47F3-B034-A5CB00079B38}.Debug|x86.ActiveCfg = Debug|x86
		{C0CD5651-D1B7-47F3-B034-A5CB00079B38}.Debug|x86.Build.0 = Debug|x86
		{C0CD5651-D1B7-47F3-B034-A5CB00079B38}.Release|Any CPU.ActiveCfg = Release|Any CPU
		{C0CD5651-D1B7-47F3-B034-A5CB00079B38}.Release|Any CPU.Build.0 = Release|Any CPU
		{C0CD5651-D1B7-47F3-B034-A5CB00079B38}.Release|x64.ActiveCfg = Release|Any CPU
		{C0CD5651-D1B7-47F3-B034-A5CB00079B38}.Release|x64.Build.0 = Release|Any CPU
		{C0CD5651-D1B7-47F3-B034-A5CB00079B38}.Release|x86.ActiveCfg = Release|Any CPU
		{C0CD5651-D1B7-47F3-B034-A5CB00079B38}.Release|x86.Build.0 = Release|Any CPU
		{87960EEB-6F05-4EAC-A784-94E3E4975EE3}.Debug|Any CPU.ActiveCfg = Debug|Any CPU
		{87960EEB-6F05-4EAC-A784-94E3E4975EE3}.Debug|Any CPU.Build.0 = Debug|Any CPU
		{87960EEB-6F05-4EAC-A784-94E3E4975EE3}.Debug|x64.ActiveCfg = Debug|x64
		{87960EEB-6F05-4EAC-A784-94E3E4975EE3}.Debug|x64.Build.0 = Debug|x64
		{87960EEB-6F05-4EAC-A784-94E3E4975EE3}.Debug|x86.ActiveCfg = Debug|x86
		{87960EEB-6F05-4EAC-A784-94E3E4975EE3}.Debug|x86.Build.0 = Debug|x86
		{87960EEB-6F05-4EAC-A784-94E3E4975EE3}.Release|Any CPU.ActiveCfg = Release|Any CPU
		{87960EEB-6F05-4EAC-A784-94E3E4975EE3}.Release|Any CPU.Build.0 = Release|Any CPU
		{87960EEB-6F05-4EAC-A784-94E3E4975EE3}.Release|x64.ActiveCfg = Release|Any CPU
		{87960EEB-6F05-4EAC-A784-94E3E4975EE3}.Release|x64.Build.0 = Release|Any CPU
		{87960EEB-6F05-4EAC-A784-94E3E4975EE3}.Release|x86.ActiveCfg = Release|Any CPU
		{87960EEB-6F05-4EAC-A784-94E3E4975EE3}.Release|x86.Build.0 = Release|Any CPU
		{D83C69C0-18F7-4B7F-AF7E-143091A26A30}.Debug|Any CPU.ActiveCfg = Debug|Any CPU
		{D83C69C0-18F7-4B7F-AF7E-143091A26A30}.Debug|Any CPU.Build.0 = Debug|Any CPU
		{D83C69C0-18F7-4B7F-AF7E-143091A26A30}.Debug|x64.ActiveCfg = Debug|x64
		{D83C69C0-18F7-4B7F-AF7E-143091A26A30}.Debug|x64.Build.0 = Debug|x64
		{D83C69C0-18F7-4B7F-AF7E-143091A26A30}.Debug|x86.ActiveCfg = Debug|x86
		{D83C69C0-18F7-4B7F-AF7E-143091A26A30}.Debug|x86.Build.0 = Debug|x86
		{D83C69C0-18F7-4B7F-AF7E-143091A26A30}.Release|Any CPU.ActiveCfg = Release|Any CPU
		{D83C69C0-18F7-4B7F-AF7E-143091A26A30}.Release|Any CPU.Build.0 = Release|Any CPU
		{D83C69C0-18F7-4B7F-AF7E-143091A26A30}.Release|x64.ActiveCfg = Release|Any CPU
		{D83C69C0-18F7-4B7F-AF7E-143091A26A30}.Release|x64.Build.0 = Release|Any CPU
		{D83C69C0-18F7-4B7F-AF7E-143091A26A30}.Release|x86.ActiveCfg = Release|Any CPU
		{D83C69C0-18F7-4B7F-AF7E-143091A26A30}.Release|x86.Build.0 = Release|Any CPU
	EndGlobalSection
	GlobalSection(SolutionProperties) = preSolution
		HideSolutionNode = FALSE
	EndGlobalSection
	GlobalSection(ExtensibilityGlobals) = postSolution
		SolutionGuid = {6B69F1AD-36D1-45D0-AA0C-374DE3378BE1}
	EndGlobalSection
EndGlobal
